
Microsoft Visual Studio Solution File, Format Version 12.00
# Visual Studio Version 17
VisualStudioVersion = 17.0.31903.59
MinimumVisualStudioVersion = 10.0.40219.1
Project("{2150E333-8FDC-42A3-9474-1A3956D46DE8}") = "src", "src", "{D4A15627-BFB1-4BC9-8E50-7C5237FCF417}"
EndProject
Project("{2150E333-8FDC-42A3-9474-1A3956D46DE8}") = "MicroServices", "MicroServices", "{E6CEE337-9D23-476B-BAE9-39BEA4587BBF}"
EndProject
Project("{2150E333-8FDC-42A3-9474-1A3956D46DE8}") = "Presentation", "Presentation", "{C8B71B0F-048F-4A48-A954-035BBA8EF141}"
EndProject
Project("{2150E333-8FDC-42A3-9474-1A3956D46DE8}") = "DatabaseManager", "DatabaseManager", "{F8F02BD8-E733-4DAA-8C82-2C126C9D6AB3}"
EndProject
Project("{2150E333-8FDC-42A3-9474-1A3956D46DE8}") = "PriceListener", "PriceListener", "{B9E1A5E1-47E5-471F-ADA9-EADCA1E34E54}"
EndProject
Project("{2150E333-8FDC-42A3-9474-1A3956D46DE8}") = "PriceManager", "PriceManager", "{E10F9CD9-8988-4DD2-8CF5-986E4F09F5EF}"
EndProject
Project("{2150E333-8FDC-42A3-9474-1A3956D46DE8}") = "SystemManager", "SystemManager", "{0CA1E1B7-AA1C-4552-86C0-F4A1C5286155}"
EndProject
Project("{FAE04EC0-301F-11D3-BF4B-00C04F79EFBC}") = "DatabaseManager.Api", "src\MicroServices\DatabaseManager\DatabaseManager.Api\DatabaseManager.Api.csproj", "{885AE15D-30F5-4F3E-8ED4-2C8C7B1C7A17}"
EndProject
Project("{FAE04EC0-301F-11D3-BF4B-00C04F79EFBC}") = "PriceListener.Api", "src\MicroServices\PriceListener\PriceListener.Api\PriceListener.Api.csproj", "{032D496E-2AB3-4053-AD0C-131A30C2115C}"
EndProject
Project("{FAE04EC0-301F-11D3-BF4B-00C04F79EFBC}") = "PriceManager.Api", "src\MicroServices\PriceManager\PriceManager.Api\PriceManager.Api.csproj", "{D7CE3A32-DE13-4908-A79E-148A7B2B16EB}"
EndProject
Project("{FAE04EC0-301F-11D3-BF4B-00C04F79EFBC}") = "SystemManager.Api", "src\MicroServices\SystemManager\SystemManager.Api\SystemManager.Api.csproj", "{0E208248-87E7-4BB4-A9A3-86447047EABB}"
EndProject
Project("{FAE04EC0-301F-11D3-BF4B-00C04F79EFBC}") = "Pricing.Application", "src\Pricing.Application\Pricing.Application.csproj", "{21FA12E9-6720-4CE6-A38D-7D0D56F0FDB4}"
EndProject
Project("{FAE04EC0-301F-11D3-BF4B-00C04F79EFBC}") = "Pricing.Infrastructure", "src\Pricing.Infrastructure\Pricing.Infrastructure.csproj", "{A081D91F-CFC4-4185-A5A3-FDF3DC044F26}"
EndProject
Global
	GlobalSection(SolutionConfigurationPlatforms) = preSolution
		Debug|Any CPU = Debug|Any CPU
		Release|Any CPU = Release|Any CPU
	EndGlobalSection
	GlobalSection(SolutionProperties) = preSolution
		HideSolutionNode = FALSE
	EndGlobalSection
	GlobalSection(NestedProjects) = preSolution
		{E6CEE337-9D23-476B-BAE9-39BEA4587BBF} = {D4A15627-BFB1-4BC9-8E50-7C5237FCF417}
		{C8B71B0F-048F-4A48-A954-035BBA8EF141} = {D4A15627-BFB1-4BC9-8E50-7C5237FCF417}
		{F8F02BD8-E733-4DAA-8C82-2C126C9D6AB3} = {E6CEE337-9D23-476B-BAE9-39BEA4587BBF}
		{B9E1A5E1-47E5-471F-ADA9-EADCA1E34E54} = {E6CEE337-9D23-476B-BAE9-39BEA4587BBF}
		{E10F9CD9-8988-4DD2-8CF5-986E4F09F5EF} = {E6CEE337-9D23-476B-BAE9-39BEA4587BBF}
		{0CA1E1B7-AA1C-4552-86C0-F4A1C5286155} = {E6CEE337-9D23-476B-BAE9-39BEA4587BBF}
		{885AE15D-30F5-4F3E-8ED4-2C8C7B1C7A17} = {F8F02BD8-E733-4DAA-8C82-2C126C9D6AB3}
		{032D496E-2AB3-4053-AD0C-131A30C2115C} = {B9E1A5E1-47E5-471F-ADA9-EADCA1E34E54}
		{D7CE3A32-DE13-4908-A79E-148A7B2B16EB} = {E10F9CD9-8988-4DD2-8CF5-986E4F09F5EF}
		{0E208248-87E7-4BB4-A9A3-86447047EABB} = {0CA1E1B7-AA1C-4552-86C0-F4A1C5286155}
		{21FA12E9-6720-4CE6-A38D-7D0D56F0FDB4} = {D4A15627-BFB1-4BC9-8E50-7C5237FCF417}
		{A081D91F-CFC4-4185-A5A3-FDF3DC044F26} = {D4A15627-BFB1-4BC9-8E50-7C5237FCF417}
	EndGlobalSection
	GlobalSection(ProjectConfigurationPlatforms) = postSolution
		{885AE15D-30F5-4F3E-8ED4-2C8C7B1C7A17}.Debug|Any CPU.ActiveCfg = Debug|Any CPU
		{885AE15D-30F5-4F3E-8ED4-2C8C7B1C7A17}.Debug|Any CPU.Build.0 = Debug|Any CPU
		{885AE15D-30F5-4F3E-8ED4-2C8C7B1C7A17}.Release|Any CPU.ActiveCfg = Release|Any CPU
		{885AE15D-30F5-4F3E-8ED4-2C8C7B1C7A17}.Release|Any CPU.Build.0 = Release|Any CPU
		{032D496E-2AB3-4053-AD0C-131A30C2115C}.Debug|Any CPU.ActiveCfg = Debug|Any CPU
		{032D496E-2AB3-4053-AD0C-131A30C2115C}.Debug|Any CPU.Build.0 = Debug|Any CPU
		{032D496E-2AB3-4053-AD0C-131A30C2115C}.Release|Any CPU.ActiveCfg = Release|Any CPU
		{032D496E-2AB3-4053-AD0C-131A30C2115C}.Release|Any CPU.Build.0 = Release|Any CPU
		{D7CE3A32-DE13-4908-A79E-148A7B2B16EB}.Debug|Any CPU.ActiveCfg = Debug|Any CPU
		{D7CE3A32-DE13-4908-A79E-148A7B2B16EB}.Debug|Any CPU.Build.0 = Debug|Any CPU
		{D7CE3A32-DE13-4908-A79E-148A7B2B16EB}.Release|Any CPU.ActiveCfg = Release|Any CPU
		{D7CE3A32-DE13-4908-A79E-148A7B2B16EB}.Release|Any CPU.Build.0 = Release|Any CPU
		{0E208248-87E7-4BB4-A9A3-86447047EABB}.Debug|Any CPU.ActiveCfg = Debug|Any CPU
		{0E208248-87E7-4BB4-A9A3-86447047EABB}.Debug|Any CPU.Build.0 = Debug|Any CPU
		{0E208248-87E7-4BB4-A9A3-86447047EABB}.Release|Any CPU.ActiveCfg = Release|Any CPU
		{0E208248-87E7-4BB4-A9A3-86447047EABB}.Release|Any CPU.Build.0 = Release|Any CPU
		{21FA12E9-6720-4CE6-A38D-7D0D56F0FDB4}.Debug|Any CPU.ActiveCfg = Debug|Any CPU
		{21FA12E9-6720-4CE6-A38D-7D0D56F0FDB4}.Debug|Any CPU.Build.0 = Debug|Any CPU
		{21FA12E9-6720-4CE6-A38D-7D0D56F0FDB4}.Release|Any CPU.ActiveCfg = Release|Any CPU
		{21FA12E9-6720-4CE6-A38D-7D0D56F0FDB4}.Release|Any CPU.Build.0 = Release|Any CPU
		{A081D91F-CFC4-4185-A5A3-FDF3DC044F26}.Debug|Any CPU.ActiveCfg = Debug|Any CPU
		{A081D91F-CFC4-4185-A5A3-FDF3DC044F26}.Debug|Any CPU.Build.0 = Debug|Any CPU
		{A081D91F-CFC4-4185-A5A3-FDF3DC044F26}.Release|Any CPU.ActiveCfg = Release|Any CPU
		{A081D91F-CFC4-4185-A5A3-FDF3DC044F26}.Release|Any CPU.Build.0 = Release|Any CPU
	EndGlobalSection
EndGlobal
